
Microsoft Visual Studio Solution File, Format Version 12.00
# Visual Studio Version 17
VisualStudioVersion = 17.1.32414.318
MinimumVisualStudioVersion = 10.0.40219.1
Project("{FAE04EC0-301F-11D3-BF4B-00C04F79EFBC}") = "AzureNotificationHubTags", "AzureNotificationHubTags\AzureNotificationHubTags.csproj", "{514797B7-C125-4A67-AE5F-C8A55F321610}"
EndProject
Global
	GlobalSection(SolutionConfigurationPlatforms) = preSolution
		Debug|Any CPU = Debug|Any CPU
		Release|Any CPU = Release|Any CPU
	EndGlobalSection
	GlobalSection(ProjectConfigurationPlatforms) = postSolution
		{514797B7-C125-4A67-AE5F-C8A55F321610}.Debug|Any CPU.ActiveCfg = Debug|Any CPU
		{514797B7-C125-4A67-AE5F-C8A55F321610}.Debug|Any CPU.Build.0 = Debug|Any CPU
		{514797B7-C125-4A67-AE5F-C8A55F321610}.Release|Any CPU.ActiveCfg = Release|Any CPU
		{514797B7-C125-4A67-AE5F-C8A55F321610}.Release|Any CPU.Build.0 = Release|Any CPU
	EndGlobalSection
	GlobalSection(SolutionProperties) = preSolution
		HideSolutionNode = FALSE
	EndGlobalSection
	GlobalSection(ExtensibilityGlobals) = postSolution
		SolutionGuid = {E8640F04-3CFC-4B94-B57A-9F41C8DB0D15}
	EndGlobalSection
EndGlobal
